
Microsoft Visual Studio Solution File, Format Version 12.00
# Visual Studio Version 16
VisualStudioVersion = 16.0.29613.14
MinimumVisualStudioVersion = 10.0.40219.1
Project("{FAE04EC0-301F-11D3-BF4B-00C04F79EFBC}") = "ListyIterator01", "ListyIterator01\ListyIterator01.csproj", "{90E6A547-BB87-4229-B7AE-93B8FBEC76AF}"
EndProject
Project("{FAE04EC0-301F-11D3-BF4B-00C04F79EFBC}") = "Stack03", "Stack03\Stack03.csproj", "{5E1AB45A-A7C6-4A15-80EE-E428E1259671}"
EndProject
Project("{FAE04EC0-301F-11D3-BF4B-00C04F79EFBC}") = "Froggy04", "Froggy\Froggy04.csproj", "{E0AA27A2-CF79-4A00-9BFB-EAF8B44C9548}"
EndProject
Global
	GlobalSection(SolutionConfigurationPlatforms) = preSolution
		Debug|Any CPU = Debug|Any CPU
		Release|Any CPU = Release|Any CPU
	EndGlobalSection
	GlobalSection(ProjectConfigurationPlatforms) = postSolution
		{90E6A547-BB87-4229-B7AE-93B8FBEC76AF}.Debug|Any CPU.ActiveCfg = Debug|Any CPU
		{90E6A547-BB87-4229-B7AE-93B8FBEC76AF}.Debug|Any CPU.Build.0 = Debug|Any CPU
		{90E6A547-BB87-4229-B7AE-93B8FBEC76AF}.Release|Any CPU.ActiveCfg = Release|Any CPU
		{90E6A547-BB87-4229-B7AE-93B8FBEC76AF}.Release|Any CPU.Build.0 = Release|Any CPU
		{5E1AB45A-A7C6-4A15-80EE-E428E1259671}.Debug|Any CPU.ActiveCfg = Debug|Any CPU
		{5E1AB45A-A7C6-4A15-80EE-E428E1259671}.Debug|Any CPU.Build.0 = Debug|Any CPU
		{5E1AB45A-A7C6-4A15-80EE-E428E1259671}.Release|Any CPU.ActiveCfg = Release|Any CPU
		{5E1AB45A-A7C6-4A15-80EE-E428E1259671}.Release|Any CPU.Build.0 = Release|Any CPU
		{E0AA27A2-CF79-4A00-9BFB-EAF8B44C9548}.Debug|Any CPU.ActiveCfg = Debug|Any CPU
		{E0AA27A2-CF79-4A00-9BFB-EAF8B44C9548}.Debug|Any CPU.Build.0 = Debug|Any CPU
		{E0AA27A2-CF79-4A00-9BFB-EAF8B44C9548}.Release|Any CPU.ActiveCfg = Release|Any CPU
		{E0AA27A2-CF79-4A00-9BFB-EAF8B44C9548}.Release|Any CPU.Build.0 = Release|Any CPU
	EndGlobalSection
	GlobalSection(SolutionProperties) = preSolution
		HideSolutionNode = FALSE
	EndGlobalSection
	GlobalSection(ExtensibilityGlobals) = postSolution
		SolutionGuid = {51AC67C1-E62A-4185-A36B-94AB32DC0660}
	EndGlobalSection
EndGlobal
